
Microsoft Visual Studio Solution File, Format Version 12.00
# Visual Studio Version 17
VisualStudioVersion = 17.2.32630.192
MinimumVisualStudioVersion = 10.0.40219.1
Project("{9A19103F-16F7-4668-BE54-9A1E7A4F7556}") = "LessLag.Patcher", "src_patcher\LessLag.Patcher.csproj", "{D603605E-50B9-41A9-A039-66C2D35FCCD2}"
EndProject
Project("{9A19103F-16F7-4668-BE54-9A1E7A4F7556}") = "LessLag", "src_plugin\LessLag.csproj", "{C12553F0-28F6-4F12-9093-BA8F6A51E063}"
EndProject
Global
	GlobalSection(SolutionConfigurationPlatforms) = preSolution
		Debug|Any CPU = Debug|Any CPU
		Release|Any CPU = Release|Any CPU
	EndGlobalSection
	GlobalSection(ProjectConfigurationPlatforms) = postSolution
		{D603605E-50B9-41A9-A039-66C2D35FCCD2}.Debug|Any CPU.ActiveCfg = Release|Any CPU
		{D603605E-50B9-41A9-A039-66C2D35FCCD2}.Debug|Any CPU.Build.0 = Release|Any CPU
		{D603605E-50B9-41A9-A039-66C2D35FCCD2}.Release|Any CPU.ActiveCfg = Release|Any CPU
		{D603605E-50B9-41A9-A039-66C2D35FCCD2}.Release|Any CPU.Build.0 = Release|Any CPU
		{C12553F0-28F6-4F12-9093-BA8F6A51E063}.Debug|Any CPU.ActiveCfg = Debug|Any CPU
		{C12553F0-28F6-4F12-9093-BA8F6A51E063}.Debug|Any CPU.Build.0 = Debug|Any CPU
		{C12553F0-28F6-4F12-9093-BA8F6A51E063}.Release|Any CPU.ActiveCfg = Release|Any CPU
		{C12553F0-28F6-4F12-9093-BA8F6A51E063}.Release|Any CPU.Build.0 = Release|Any CPU
	EndGlobalSection
	GlobalSection(SolutionProperties) = preSolution
		HideSolutionNode = FALSE
	EndGlobalSection
	GlobalSection(ExtensibilityGlobals) = postSolution
		SolutionGuid = {e3bc27e7-d642-47f3-b088-bb705a5ec39b}
	EndGlobalSection
EndGlobal
